
Microsoft Visual Studio Solution File, Format Version 12.00
# Visual Studio Version 16
VisualStudioVersion = 16.0.31112.23
MinimumVisualStudioVersion = 10.0.40219.1
Project("{FAE04EC0-301F-11D3-BF4B-00C04F79EFBC}") = "_PrimeiroWebService", "_PrimeiroWebService.csproj", "{C90ED5A3-5542-4063-936A-F1069AA14348}"
EndProject
Global
	GlobalSection(SolutionConfigurationPlatforms) = preSolution
		Debug|Any CPU = Debug|Any CPU
		Release|Any CPU = Release|Any CPU
	EndGlobalSection
	GlobalSection(ProjectConfigurationPlatforms) = postSolution
		{C90ED5A3-5542-4063-936A-F1069AA14348}.Debug|Any CPU.ActiveCfg = Debug|Any CPU
		{C90ED5A3-5542-4063-936A-F1069AA14348}.Debug|Any CPU.Build.0 = Debug|Any CPU
		{C90ED5A3-5542-4063-936A-F1069AA14348}.Release|Any CPU.ActiveCfg = Release|Any CPU
		{C90ED5A3-5542-4063-936A-F1069AA14348}.Release|Any CPU.Build.0 = Release|Any CPU
	EndGlobalSection
	GlobalSection(SolutionProperties) = preSolution
		HideSolutionNode = FALSE
	EndGlobalSection
	GlobalSection(ExtensibilityGlobals) = postSolution
		SolutionGuid = {1C5DB249-5BDD-4EF1-A12D-470633D27080}
	EndGlobalSection
EndGlobal
